
Microsoft Visual Studio Solution File, Format Version 12.00
# Visual Studio Version 16
VisualStudioVersion = 16.0.31025.194
MinimumVisualStudioVersion = 10.0.40219.1
Project("{FAE04EC0-301F-11D3-BF4B-00C04F79EFBC}") = "My_Health", "My_Health.csproj", "{A78DF090-31CA-4C52-9E52-8FA9D40C8788}"
EndProject
Global
	GlobalSection(SolutionConfigurationPlatforms) = preSolution
		Debug|Any CPU = Debug|Any CPU
		Release|Any CPU = Release|Any CPU
	EndGlobalSection
	GlobalSection(ProjectConfigurationPlatforms) = postSolution
		{A78DF090-31CA-4C52-9E52-8FA9D40C8788}.Debug|Any CPU.ActiveCfg = Debug|Any CPU
		{A78DF090-31CA-4C52-9E52-8FA9D40C8788}.Debug|Any CPU.Build.0 = Debug|Any CPU
		{A78DF090-31CA-4C52-9E52-8FA9D40C8788}.Release|Any CPU.ActiveCfg = Release|Any CPU
		{A78DF090-31CA-4C52-9E52-8FA9D40C8788}.Release|Any CPU.Build.0 = Release|Any CPU
	EndGlobalSection
	GlobalSection(SolutionProperties) = preSolution
		HideSolutionNode = FALSE
	EndGlobalSection
	GlobalSection(ExtensibilityGlobals) = postSolution
		SolutionGuid = {B59A5412-85F0-4E02-A48B-2BAFF677B89C}
	EndGlobalSection
EndGlobal
